
Microsoft Visual Studio Solution File, Format Version 12.00
# Visual Studio Version 17
VisualStudioVersion = 17.7.34031.279
MinimumVisualStudioVersion = 10.0.40219.1
Project("{FAE04EC0-301F-11D3-BF4B-00C04F79EFBC}") = "WebScraper-BackEnd", "WebScraper-BackEnd\WebScraper-BackEnd.csproj", "{E9734ED9-F2F0-4DC3-BBBB-52694D6F2F45}"
EndProject
Global
	GlobalSection(SolutionConfigurationPlatforms) = preSolution
		Debug|Any CPU = Debug|Any CPU
		Release|Any CPU = Release|Any CPU
	EndGlobalSection
	GlobalSection(ProjectConfigurationPlatforms) = postSolution
		{E9734ED9-F2F0-4DC3-BBBB-52694D6F2F45}.Debug|Any CPU.ActiveCfg = Debug|Any CPU
		{E9734ED9-F2F0-4DC3-BBBB-52694D6F2F45}.Debug|Any CPU.Build.0 = Debug|Any CPU
		{E9734ED9-F2F0-4DC3-BBBB-52694D6F2F45}.Release|Any CPU.ActiveCfg = Release|Any CPU
		{E9734ED9-F2F0-4DC3-BBBB-52694D6F2F45}.Release|Any CPU.Build.0 = Release|Any CPU
	EndGlobalSection
	GlobalSection(SolutionProperties) = preSolution
		HideSolutionNode = FALSE
	EndGlobalSection
	GlobalSection(ExtensibilityGlobals) = postSolution
		SolutionGuid = {4C0A4B73-6A97-4783-A2CB-5633BAB34A48}
	EndGlobalSection
EndGlobal
